
Microsoft Visual Studio Solution File, Format Version 12.00
# Visual Studio Version 17
VisualStudioVersion = 17.10.35027.167
MinimumVisualStudioVersion = 10.0.40219.1
Project("{2150E333-8FDC-42A3-9474-1A3956D46DE8}") = "SolutionItems", "SolutionItems", "{D04A17BB-9E08-44E8-AEAE-3847ECB71E97}"
	ProjectSection(SolutionItems) = preProject
		docker-compose.override.yml = docker-compose.override.yml
		docker-compose.yml = docker-compose.yml
		global.json = global.json
		README.md = README.md
	EndProjectSection
EndProject
Project("{2150E333-8FDC-42A3-9474-1A3956D46DE8}") = "src", "src", "{9E91C6C1-F1A1-4DE2-8230-A8C12D0C18E0}"
EndProject
Project("{2150E333-8FDC-42A3-9474-1A3956D46DE8}") = "ApiGateways", "ApiGateways", "{A07B3F6C-9B40-4C31-B378-9BEE82E169C2}"
EndProject
Project("{2150E333-8FDC-42A3-9474-1A3956D46DE8}") = "BuildingBlocks", "BuildingBlocks", "{A9169921-D2D2-4F05-B928-FC12AD0E8B81}"
EndProject
Project("{2150E333-8FDC-42A3-9474-1A3956D46DE8}") = "Services", "Services", "{F7E1A87E-63B4-40D8-9F33-41FDD16F4C85}"
EndProject
Project("{FAE04EC0-301F-11D3-BF4B-00C04F79EFBC}") = "Shared", "src\BuildingBlocks\Shared\Shared.csproj", "{5EC94EB9-415F-4872-B218-AB5D7D1AC7D9}"
EndProject
Project("{FAE04EC0-301F-11D3-BF4B-00C04F79EFBC}") = "Infrastructure", "src\BuildingBlocks\Infrastructure\Infrastructure.csproj", "{ECDBD231-8B76-49C0-BAD6-1249EC307C03}"
EndProject
Project("{FAE04EC0-301F-11D3-BF4B-00C04F79EFBC}") = "EventBus.Messages", "src\BuildingBlocks\EventBus.Messages\EventBus.Messages.csproj", "{8574E452-45BC-4566-9816-7ED5090AC5D6}"
EndProject
Project("{FAE04EC0-301F-11D3-BF4B-00C04F79EFBC}") = "Contracts", "src\BuildingBlocks\Contracts\Contracts.csproj", "{D8DD8753-CCDE-4DAE-9EF0-7D734D177D87}"
EndProject
Project("{FAE04EC0-301F-11D3-BF4B-00C04F79EFBC}") = "Common.Logging", "src\BuildingBlocks\Common.Logging\Common.Logging.csproj", "{9AB8E537-6909-42CA-88D3-75F8D895A78D}"
EndProject
Project("{FAE04EC0-301F-11D3-BF4B-00C04F79EFBC}") = "OcelotApiGw", "src\ApiGateways\OcelotApiGw\OcelotApiGw.csproj", "{A4FF5ADC-BDF6-410E-BC88-BF049E153527}"
EndProject
Project("{2150E333-8FDC-42A3-9474-1A3956D46DE8}") = "WebApps", "WebApps", "{7CD41104-E1F2-4570-ABD1-070C442A5422}"
EndProject
Project("{FAE04EC0-301F-11D3-BF4B-00C04F79EFBC}") = "WebHealthStatus", "src\WebApps\WebHealthStatus\WebHealthStatus.csproj", "{B5E7816A-9B66-4C57-BB66-3A2C7D9A80AB}"
EndProject
Project("{FAE04EC0-301F-11D3-BF4B-00C04F79EFBC}") = "Basket.API", "src\Services\Basket.API\Basket.API.csproj", "{993A6E9E-9778-433D-ADA6-1B7163948E5A}"
EndProject
Project("{FAE04EC0-301F-11D3-BF4B-00C04F79EFBC}") = "Customer.API", "src\Services\Customer.API\Customer.API.csproj", "{6A3CC3C0-FDDF-4AF0-8D55-92BD09425FC4}"
EndProject
Project("{FAE04EC0-301F-11D3-BF4B-00C04F79EFBC}") = "Hangfire.API", "src\Services\Hangfire.API\Hangfire.API.csproj", "{2CD5976A-EF86-4774-A33B-A9F90953E6B1}"
EndProject
Project("{FAE04EC0-301F-11D3-BF4B-00C04F79EFBC}") = "Inventory.Product.API", "src\Services\Inventory.Product.API\Inventory.Product.API.csproj", "{28D103A2-313D-4535-8C03-81C6368030C4}"
EndProject
Project("{FAE04EC0-301F-11D3-BF4B-00C04F79EFBC}") = "Ordering.API", "src\Services\Ordering.API\Ordering.API.csproj", "{F954722C-D831-4B35-8A76-3EF8BC2768A2}"
EndProject
Project("{FAE04EC0-301F-11D3-BF4B-00C04F79EFBC}") = "Product.API", "src\Services\Product.API\Product.API.csproj", "{92C64182-ABBD-4A90-B4B1-A2D270EC09B2}"
EndProject
Global
	GlobalSection(SolutionConfigurationPlatforms) = preSolution
		Debug|Any CPU = Debug|Any CPU
		Release|Any CPU = Release|Any CPU
	EndGlobalSection
	GlobalSection(ProjectConfigurationPlatforms) = postSolution
		{5EC94EB9-415F-4872-B218-AB5D7D1AC7D9}.Debug|Any CPU.ActiveCfg = Debug|Any CPU
		{5EC94EB9-415F-4872-B218-AB5D7D1AC7D9}.Debug|Any CPU.Build.0 = Debug|Any CPU
		{5EC94EB9-415F-4872-B218-AB5D7D1AC7D9}.Release|Any CPU.ActiveCfg = Release|Any CPU
		{5EC94EB9-415F-4872-B218-AB5D7D1AC7D9}.Release|Any CPU.Build.0 = Release|Any CPU
		{ECDBD231-8B76-49C0-BAD6-1249EC307C03}.Debug|Any CPU.ActiveCfg = Debug|Any CPU
		{ECDBD231-8B76-49C0-BAD6-1249EC307C03}.Debug|Any CPU.Build.0 = Debug|Any CPU
		{ECDBD231-8B76-49C0-BAD6-1249EC307C03}.Release|Any CPU.ActiveCfg = Release|Any CPU
		{ECDBD231-8B76-49C0-BAD6-1249EC307C03}.Release|Any CPU.Build.0 = Release|Any CPU
		{8574E452-45BC-4566-9816-7ED5090AC5D6}.Debug|Any CPU.ActiveCfg = Debug|Any CPU
		{8574E452-45BC-4566-9816-7ED5090AC5D6}.Debug|Any CPU.Build.0 = Debug|Any CPU
		{8574E452-45BC-4566-9816-7ED5090AC5D6}.Release|Any CPU.ActiveCfg = Release|Any CPU
		{8574E452-45BC-4566-9816-7ED5090AC5D6}.Release|Any CPU.Build.0 = Release|Any CPU
		{D8DD8753-CCDE-4DAE-9EF0-7D734D177D87}.Debug|Any CPU.ActiveCfg = Debug|Any CPU
		{D8DD8753-CCDE-4DAE-9EF0-7D734D177D87}.Debug|Any CPU.Build.0 = Debug|Any CPU
		{D8DD8753-CCDE-4DAE-9EF0-7D734D177D87}.Release|Any CPU.ActiveCfg = Release|Any CPU
		{D8DD8753-CCDE-4DAE-9EF0-7D734D177D87}.Release|Any CPU.Build.0 = Release|Any CPU
		{9AB8E537-6909-42CA-88D3-75F8D895A78D}.Debug|Any CPU.ActiveCfg = Debug|Any CPU
		{9AB8E537-6909-42CA-88D3-75F8D895A78D}.Debug|Any CPU.Build.0 = Debug|Any CPU
		{9AB8E537-6909-42CA-88D3-75F8D895A78D}.Release|Any CPU.ActiveCfg = Release|Any CPU
		{9AB8E537-6909-42CA-88D3-75F8D895A78D}.Release|Any CPU.Build.0 = Release|Any CPU
		{A4FF5ADC-BDF6-410E-BC88-BF049E153527}.Debug|Any CPU.ActiveCfg = Debug|Any CPU
		{A4FF5ADC-BDF6-410E-BC88-BF049E153527}.Debug|Any CPU.Build.0 = Debug|Any CPU
		{A4FF5ADC-BDF6-410E-BC88-BF049E153527}.Release|Any CPU.ActiveCfg = Release|Any CPU
		{A4FF5ADC-BDF6-410E-BC88-BF049E153527}.Release|Any CPU.Build.0 = Release|Any CPU
		{B5E7816A-9B66-4C57-BB66-3A2C7D9A80AB}.Debug|Any CPU.ActiveCfg = Debug|Any CPU
		{B5E7816A-9B66-4C57-BB66-3A2C7D9A80AB}.Debug|Any CPU.Build.0 = Debug|Any CPU
		{B5E7816A-9B66-4C57-BB66-3A2C7D9A80AB}.Release|Any CPU.ActiveCfg = Release|Any CPU
		{B5E7816A-9B66-4C57-BB66-3A2C7D9A80AB}.Release|Any CPU.Build.0 = Release|Any CPU
		{993A6E9E-9778-433D-ADA6-1B7163948E5A}.Debug|Any CPU.ActiveCfg = Debug|Any CPU
		{993A6E9E-9778-433D-ADA6-1B7163948E5A}.Debug|Any CPU.Build.0 = Debug|Any CPU
		{993A6E9E-9778-433D-ADA6-1B7163948E5A}.Release|Any CPU.ActiveCfg = Release|Any CPU
		{993A6E9E-9778-433D-ADA6-1B7163948E5A}.Release|Any CPU.Build.0 = Release|Any CPU
		{6A3CC3C0-FDDF-4AF0-8D55-92BD09425FC4}.Debug|Any CPU.ActiveCfg = Debug|Any CPU
		{6A3CC3C0-FDDF-4AF0-8D55-92BD09425FC4}.Debug|Any CPU.Build.0 = Debug|Any CPU
		{6A3CC3C0-FDDF-4AF0-8D55-92BD09425FC4}.Release|Any CPU.ActiveCfg = Release|Any CPU
		{6A3CC3C0-FDDF-4AF0-8D55-92BD09425FC4}.Release|Any CPU.Build.0 = Release|Any CPU
		{2CD5976A-EF86-4774-A33B-A9F90953E6B1}.Debug|Any CPU.ActiveCfg = Debug|Any CPU
		{2CD5976A-EF86-4774-A33B-A9F90953E6B1}.Debug|Any CPU.Build.0 = Debug|Any CPU
		{2CD5976A-EF86-4774-A33B-A9F90953E6B1}.Release|Any CPU.ActiveCfg = Release|Any CPU
		{2CD5976A-EF86-4774-A33B-A9F90953E6B1}.Release|Any CPU.Build.0 = Release|Any CPU
		{28D103A2-313D-4535-8C03-81C6368030C4}.Debug|Any CPU.ActiveCfg = Debug|Any CPU
		{28D103A2-313D-4535-8C03-81C6368030C4}.Debug|Any CPU.Build.0 = Debug|Any CPU
		{28D103A2-313D-4535-8C03-81C6368030C4}.Release|Any CPU.ActiveCfg = Release|Any CPU
		{28D103A2-313D-4535-8C03-81C6368030C4}.Release|Any CPU.Build.0 = Release|Any CPU
		{F954722C-D831-4B35-8A76-3EF8BC2768A2}.Debug|Any CPU.ActiveCfg = Debug|Any CPU
		{F954722C-D831-4B35-8A76-3EF8BC2768A2}.Debug|Any CPU.Build.0 = Debug|Any CPU
		{F954722C-D831-4B35-8A76-3EF8BC2768A2}.Release|Any CPU.ActiveCfg = Release|Any CPU
		{F954722C-D831-4B35-8A76-3EF8BC2768A2}.Release|Any CPU.Build.0 = Release|Any CPU
		{92C64182-ABBD-4A90-B4B1-A2D270EC09B2}.Debug|Any CPU.ActiveCfg = Debug|Any CPU
		{92C64182-ABBD-4A90-B4B1-A2D270EC09B2}.Debug|Any CPU.Build.0 = Debug|Any CPU
		{92C64182-ABBD-4A90-B4B1-A2D270EC09B2}.Release|Any CPU.ActiveCfg = Release|Any CPU
		{92C64182-ABBD-4A90-B4B1-A2D270EC09B2}.Release|Any CPU.Build.0 = Release|Any CPU
	EndGlobalSection
	GlobalSection(SolutionProperties) = preSolution
		HideSolutionNode = FALSE
	EndGlobalSection
	GlobalSection(NestedProjects) = preSolution
		{A07B3F6C-9B40-4C31-B378-9BEE82E169C2} = {9E91C6C1-F1A1-4DE2-8230-A8C12D0C18E0}
		{A9169921-D2D2-4F05-B928-FC12AD0E8B81} = {9E91C6C1-F1A1-4DE2-8230-A8C12D0C18E0}
		{F7E1A87E-63B4-40D8-9F33-41FDD16F4C85} = {9E91C6C1-F1A1-4DE2-8230-A8C12D0C18E0}
		{5EC94EB9-415F-4872-B218-AB5D7D1AC7D9} = {A9169921-D2D2-4F05-B928-FC12AD0E8B81}
		{ECDBD231-8B76-49C0-BAD6-1249EC307C03} = {A9169921-D2D2-4F05-B928-FC12AD0E8B81}
		{8574E452-45BC-4566-9816-7ED5090AC5D6} = {A9169921-D2D2-4F05-B928-FC12AD0E8B81}
		{D8DD8753-CCDE-4DAE-9EF0-7D734D177D87} = {A9169921-D2D2-4F05-B928-FC12AD0E8B81}
		{9AB8E537-6909-42CA-88D3-75F8D895A78D} = {A9169921-D2D2-4F05-B928-FC12AD0E8B81}
		{A4FF5ADC-BDF6-410E-BC88-BF049E153527} = {A07B3F6C-9B40-4C31-B378-9BEE82E169C2}
		{7CD41104-E1F2-4570-ABD1-070C442A5422} = {9E91C6C1-F1A1-4DE2-8230-A8C12D0C18E0}
		{B5E7816A-9B66-4C57-BB66-3A2C7D9A80AB} = {7CD41104-E1F2-4570-ABD1-070C442A5422}
		{993A6E9E-9778-433D-ADA6-1B7163948E5A} = {F7E1A87E-63B4-40D8-9F33-41FDD16F4C85}
		{6A3CC3C0-FDDF-4AF0-8D55-92BD09425FC4} = {F7E1A87E-63B4-40D8-9F33-41FDD16F4C85}
		{2CD5976A-EF86-4774-A33B-A9F90953E6B1} = {F7E1A87E-63B4-40D8-9F33-41FDD16F4C85}
		{28D103A2-313D-4535-8C03-81C6368030C4} = {F7E1A87E-63B4-40D8-9F33-41FDD16F4C85}
		{F954722C-D831-4B35-8A76-3EF8BC2768A2} = {F7E1A87E-63B4-40D8-9F33-41FDD16F4C85}
		{92C64182-ABBD-4A90-B4B1-A2D270EC09B2} = {F7E1A87E-63B4-40D8-9F33-41FDD16F4C85}
	EndGlobalSection
	GlobalSection(ExtensibilityGlobals) = postSolution
		SolutionGuid = {15FE0E56-A855-4ED8-8C22-DF622C79C61D}
	EndGlobalSection
EndGlobal
